// !$*UTF8*$!
{
	archiveVersion = 1;
	classes = {
	};
	objectVersion = 50;
	objects = {

/* Begin PBXBuildFile section */
		0601A5212280ED85005D0D99 /* TextField.swift in Sources */ = {isa = PBXBuildFile; fileRef = 0601A5202280ED85005D0D99 /* TextField.swift */; };
		060FAE6822775275002E472A /* CellDates.swift in Sources */ = {isa = PBXBuildFile; fileRef = 060FAE6722775275002E472A /* CellDates.swift */; };
		0614F6C722875C2700211DF2 /* DefaultLoad.swift in Sources */ = {isa = PBXBuildFile; fileRef = 0614F6C622875C2700211DF2 /* DefaultLoad.swift */; };
		0614F6C92288FA3400211DF2 /* CellForItem.swift in Sources */ = {isa = PBXBuildFile; fileRef = 0614F6C82288FA3400211DF2 /* CellForItem.swift */; };
		061B37FC226D48CA006555B5 /* TimetableVars.swift in Sources */ = {isa = PBXBuildFile; fileRef = 061B37FB226D48CA006555B5 /* TimetableVars.swift */; };
		062133892276AE2000D46E5D /* DateCheck.swift in Sources */ = {isa = PBXBuildFile; fileRef = 062133882276AE2000D46E5D /* DateCheck.swift */; };
		062569CE227A8D33003E5C49 /* TimeBlock.swift in Sources */ = {isa = PBXBuildFile; fileRef = 062569CD227A8D33003E5C49 /* TimeBlock.swift */; };
		062A3F43226BE87D00D6DBED /* Assets.xcassets in Resources */ = {isa = PBXBuildFile; fileRef = 062A3F42226BE87D00D6DBED /* Assets.xcassets */; };
		062A3F46226BE87D00D6DBED /* LaunchScreen.storyboard in Resources */ = {isa = PBXBuildFile; fileRef = 062A3F44226BE87D00D6DBED /* LaunchScreen.storyboard */; };
		062A3F72226BE8F200D6DBED /* NavBar.swift in Sources */ = {isa = PBXBuildFile; fileRef = 062A3F4F226BE8F100D6DBED /* NavBar.swift */; };
		062A3F73226BE8F200D6DBED /* GoToVC.swift in Sources */ = {isa = PBXBuildFile; fileRef = 062A3F50226BE8F100D6DBED /* GoToVC.swift */; };
		062A3F74226BE8F200D6DBED /* Reloading.swift in Sources */ = {isa = PBXBuildFile; fileRef = 062A3F51226BE8F100D6DBED /* Reloading.swift */; };
		062A3F76226BE8F200D6DBED /* SetTopVC.swift in Sources */ = {isa = PBXBuildFile; fileRef = 062A3F53226BE8F100D6DBED /* SetTopVC.swift */; };
		062A3F77226BE8F200D6DBED /* Load&Appear.swift in Sources */ = {isa = PBXBuildFile; fileRef = 062A3F55226BE8F100D6DBED /* Load&Appear.swift */; };
		062A3F7A226BE8F200D6DBED /* CellContents.swift in Sources */ = {isa = PBXBuildFile; fileRef = 062A3F58226BE8F100D6DBED /* CellContents.swift */; };
		062A3F7B226BE8F200D6DBED /* CollectionVC.swift in Sources */ = {isa = PBXBuildFile; fileRef = 062A3F59226BE8F100D6DBED /* CollectionVC.swift */; };
		062A3F7C226BE8F200D6DBED /* Selecting.swift in Sources */ = {isa = PBXBuildFile; fileRef = 062A3F5A226BE8F100D6DBED /* Selecting.swift */; };
		062A3F7E226BE8F200D6DBED /* CollectionViewType.swift in Sources */ = {isa = PBXBuildFile; fileRef = 062A3F5D226BE8F100D6DBED /* CollectionViewType.swift */; };
		062A3F7F226BE8F200D6DBED /* TestSquare.swift in Sources */ = {isa = PBXBuildFile; fileRef = 062A3F5E226BE8F100D6DBED /* TestSquare.swift */; };
		062A3F80226BE8F200D6DBED /* Orientation.swift in Sources */ = {isa = PBXBuildFile; fileRef = 062A3F5F226BE8F100D6DBED /* Orientation.swift */; };
		062A3F81226BE8F200D6DBED /* DeviceType.swift in Sources */ = {isa = PBXBuildFile; fileRef = 062A3F60226BE8F100D6DBED /* DeviceType.swift */; };
		062A3F82226BE8F200D6DBED /* Vars.swift in Sources */ = {isa = PBXBuildFile; fileRef = 062A3F61226BE8F100D6DBED /* Vars.swift */; };
		062A3F83226BE8F200D6DBED /* Colours.swift in Sources */ = {isa = PBXBuildFile; fileRef = 062A3F63226BE8F100D6DBED /* Colours.swift */; };
		062A3F84226BE8F200D6DBED /* Cell.swift in Sources */ = {isa = PBXBuildFile; fileRef = 062A3F65226BE8F100D6DBED /* Cell.swift */; };
		062A3F85226BE8F200D6DBED /* Dates.swift in Sources */ = {isa = PBXBuildFile; fileRef = 062A3F66226BE8F100D6DBED /* Dates.swift */; };
		062A3F86226BE8F200D6DBED /* StringMethods.swift in Sources */ = {isa = PBXBuildFile; fileRef = 062A3F67226BE8F100D6DBED /* StringMethods.swift */; };
		062A3F87226BE8F200D6DBED /* Description.swift in Sources */ = {isa = PBXBuildFile; fileRef = 062A3F68226BE8F100D6DBED /* Description.swift */; };
		062A3F88226BE8F200D6DBED /* Lifecycle.swift in Sources */ = {isa = PBXBuildFile; fileRef = 062A3F6A226BE8F100D6DBED /* Lifecycle.swift */; };
		062A3F89226BE8F200D6DBED /* AppDelegate.swift in Sources */ = {isa = PBXBuildFile; fileRef = 062A3F6B226BE8F100D6DBED /* AppDelegate.swift */; };
		062A3F8A226BE8F200D6DBED /* Attributes.swift in Sources */ = {isa = PBXBuildFile; fileRef = 062A3F6D226BE8F200D6DBED /* Attributes.swift */; };
		062A3F8B226BE8F200D6DBED /* ZIndex.swift in Sources */ = {isa = PBXBuildFile; fileRef = 062A3F6E226BE8F200D6DBED /* ZIndex.swift */; };
		062A3F8C226BE8F200D6DBED /* Layout.swift in Sources */ = {isa = PBXBuildFile; fileRef = 062A3F6F226BE8F200D6DBED /* Layout.swift */; };
		062A3F8D226BE8F200D6DBED /* CellSizeModes.swift in Sources */ = {isa = PBXBuildFile; fileRef = 062A3F70226BE8F200D6DBED /* CellSizeModes.swift */; };
		062A3F8E226BE8F200D6DBED /* Prepare.swift in Sources */ = {isa = PBXBuildFile; fileRef = 062A3F71226BE8F200D6DBED /* Prepare.swift */; };
		063342332277C12200F7C754 /* SimpleEvent.swift in Sources */ = {isa = PBXBuildFile; fileRef = 063342322277C12200F7C754 /* SimpleEvent.swift */; };
		06674B622288FED30020AE37 /* Notifications.swift in Sources */ = {isa = PBXBuildFile; fileRef = 06674B612288FED30020AE37 /* Notifications.swift */; };
		06F3A2172273F54B00548AE1 /* DefaultSave.swift in Sources */ = {isa = PBXBuildFile; fileRef = 06F3A2162273F54B00548AE1 /* DefaultSave.swift */; };
/* End PBXBuildFile section */

/* Begin PBXFileReference section */
		0601A5202280ED85005D0D99 /* TextField.swift */ = {isa = PBXFileReference; lastKnownFileType = sourcecode.swift; path = TextField.swift; sourceTree = "<group>"; };
		060FAE6722775275002E472A /* CellDates.swift */ = {isa = PBXFileReference; lastKnownFileType = sourcecode.swift; path = CellDates.swift; sourceTree = "<group>"; };
		0614F6C622875C2700211DF2 /* DefaultLoad.swift */ = {isa = PBXFileReference; lastKnownFileType = sourcecode.swift; path = DefaultLoad.swift; sourceTree = "<group>"; };
		0614F6C82288FA3400211DF2 /* CellForItem.swift */ = {isa = PBXFileReference; lastKnownFileType = sourcecode.swift; name = CellForItem.swift; path = vc/CellForItem.swift; sourceTree = "<group>"; };
		061B37FB226D48CA006555B5 /* TimetableVars.swift */ = {isa = PBXFileReference; lastKnownFileType = sourcecode.swift; path = TimetableVars.swift; sourceTree = "<group>"; };
		062133882276AE2000D46E5D /* DateCheck.swift */ = {isa = PBXFileReference; lastKnownFileType = sourcecode.swift; path = DateCheck.swift; sourceTree = "<group>"; };
		062569CD227A8D33003E5C49 /* TimeBlock.swift */ = {isa = PBXFileReference; lastKnownFileType = sourcecode.swift; path = TimeBlock.swift; sourceTree = "<group>"; };
		062A3F38226BE87C00D6DBED /* smart-timetable.app */ = {isa = PBXFileReference; explicitFileType = wrapper.application; includeInIndex = 0; path = "smart-timetable.app"; sourceTree = BUILT_PRODUCTS_DIR; };
		062A3F42226BE87D00D6DBED /* Assets.xcassets */ = {isa = PBXFileReference; lastKnownFileType = folder.assetcatalog; path = Assets.xcassets; sourceTree = "<group>"; };
		062A3F45226BE87D00D6DBED /* Base */ = {isa = PBXFileReference; lastKnownFileType = file.storyboard; name = Base; path = Base.lproj/LaunchScreen.storyboard; sourceTree = "<group>"; };
		062A3F47226BE87D00D6DBED /* Info.plist */ = {isa = PBXFileReference; lastKnownFileType = text.plist.xml; path = Info.plist; sourceTree = "<group>"; };
		062A3F4F226BE8F100D6DBED /* NavBar.swift */ = {isa = PBXFileReference; fileEncoding = 4; lastKnownFileType = sourcecode.swift; path = NavBar.swift; sourceTree = "<group>"; };
		062A3F50226BE8F100D6DBED /* GoToVC.swift */ = {isa = PBXFileReference; fileEncoding = 4; lastKnownFileType = sourcecode.swift; path = GoToVC.swift; sourceTree = "<group>"; };
		062A3F51226BE8F100D6DBED /* Reloading.swift */ = {isa = PBXFileReference; fileEncoding = 4; lastKnownFileType = sourcecode.swift; path = Reloading.swift; sourceTree = "<group>"; };
		062A3F53226BE8F100D6DBED /* SetTopVC.swift */ = {isa = PBXFileReference; fileEncoding = 4; lastKnownFileType = sourcecode.swift; path = SetTopVC.swift; sourceTree = "<group>"; };
		062A3F55226BE8F100D6DBED /* Load&Appear.swift */ = {isa = PBXFileReference; fileEncoding = 4; lastKnownFileType = sourcecode.swift; path = "Load&Appear.swift"; sourceTree = "<group>"; };
		062A3F58226BE8F100D6DBED /* CellContents.swift */ = {isa = PBXFileReference; fileEncoding = 4; lastKnownFileType = sourcecode.swift; path = CellContents.swift; sourceTree = "<group>"; };
		062A3F59226BE8F100D6DBED /* CollectionVC.swift */ = {isa = PBXFileReference; fileEncoding = 4; lastKnownFileType = sourcecode.swift; path = CollectionVC.swift; sourceTree = "<group>"; };
		062A3F5A226BE8F100D6DBED /* Selecting.swift */ = {isa = PBXFileReference; fileEncoding = 4; lastKnownFileType = sourcecode.swift; path = Selecting.swift; sourceTree = "<group>"; };
		062A3F5D226BE8F100D6DBED /* CollectionViewType.swift */ = {isa = PBXFileReference; fileEncoding = 4; lastKnownFileType = sourcecode.swift; path = CollectionViewType.swift; sourceTree = "<group>"; };
		062A3F5E226BE8F100D6DBED /* TestSquare.swift */ = {isa = PBXFileReference; fileEncoding = 4; lastKnownFileType = sourcecode.swift; path = TestSquare.swift; sourceTree = "<group>"; };
		062A3F5F226BE8F100D6DBED /* Orientation.swift */ = {isa = PBXFileReference; fileEncoding = 4; lastKnownFileType = sourcecode.swift; path = Orientation.swift; sourceTree = "<group>"; };
		062A3F60226BE8F100D6DBED /* DeviceType.swift */ = {isa = PBXFileReference; fileEncoding = 4; lastKnownFileType = sourcecode.swift; path = DeviceType.swift; sourceTree = "<group>"; };
		062A3F61226BE8F100D6DBED /* Vars.swift */ = {isa = PBXFileReference; fileEncoding = 4; lastKnownFileType = sourcecode.swift; path = Vars.swift; sourceTree = "<group>"; };
		062A3F63226BE8F100D6DBED /* Colours.swift */ = {isa = PBXFileReference; fileEncoding = 4; lastKnownFileType = sourcecode.swift; path = Colours.swift; sourceTree = "<group>"; };
		062A3F65226BE8F100D6DBED /* Cell.swift */ = {isa = PBXFileReference; fileEncoding = 4; lastKnownFileType = sourcecode.swift; path = Cell.swift; sourceTree = "<group>"; };
		062A3F66226BE8F100D6DBED /* Dates.swift */ = {isa = PBXFileReference; fileEncoding = 4; lastKnownFileType = sourcecode.swift; path = Dates.swift; sourceTree = "<group>"; };
		062A3F67226BE8F100D6DBED /* StringMethods.swift */ = {isa = PBXFileReference; fileEncoding = 4; lastKnownFileType = sourcecode.swift; path = StringMethods.swift; sourceTree = "<group>"; };
		062A3F68226BE8F100D6DBED /* Description.swift */ = {isa = PBXFileReference; fileEncoding = 4; lastKnownFileType = sourcecode.swift; path = Description.swift; sourceTree = "<group>"; };
		062A3F6A226BE8F100D6DBED /* Lifecycle.swift */ = {isa = PBXFileReference; fileEncoding = 4; lastKnownFileType = sourcecode.swift; path = Lifecycle.swift; sourceTree = "<group>"; };
		062A3F6B226BE8F100D6DBED /* AppDelegate.swift */ = {isa = PBXFileReference; fileEncoding = 4; lastKnownFileType = sourcecode.swift; path = AppDelegate.swift; sourceTree = "<group>"; };
		062A3F6D226BE8F200D6DBED /* Attributes.swift */ = {isa = PBXFileReference; fileEncoding = 4; lastKnownFileType = sourcecode.swift; path = Attributes.swift; sourceTree = "<group>"; };
		062A3F6E226BE8F200D6DBED /* ZIndex.swift */ = {isa = PBXFileReference; fileEncoding = 4; lastKnownFileType = sourcecode.swift; path = ZIndex.swift; sourceTree = "<group>"; };
		062A3F6F226BE8F200D6DBED /* Layout.swift */ = {isa = PBXFileReference; fileEncoding = 4; lastKnownFileType = sourcecode.swift; path = Layout.swift; sourceTree = "<group>"; };
		062A3F70226BE8F200D6DBED /* CellSizeModes.swift */ = {isa = PBXFileReference; fileEncoding = 4; lastKnownFileType = sourcecode.swift; path = CellSizeModes.swift; sourceTree = "<group>"; };
		062A3F71226BE8F200D6DBED /* Prepare.swift */ = {isa = PBXFileReference; fileEncoding = 4; lastKnownFileType = sourcecode.swift; path = Prepare.swift; sourceTree = "<group>"; };
		063342322277C12200F7C754 /* SimpleEvent.swift */ = {isa = PBXFileReference; lastKnownFileType = sourcecode.swift; path = SimpleEvent.swift; sourceTree = "<group>"; };
		06674B612288FED30020AE37 /* Notifications.swift */ = {isa = PBXFileReference; lastKnownFileType = sourcecode.swift; path = Notifications.swift; sourceTree = "<group>"; };
		06F3A2162273F54B00548AE1 /* DefaultSave.swift */ = {isa = PBXFileReference; fileEncoding = 4; lastKnownFileType = sourcecode.swift; path = DefaultSave.swift; sourceTree = "<group>"; };
/* End PBXFileReference section */

/* Begin PBXFrameworksBuildPhase section */
		062A3F35226BE87C00D6DBED /* Frameworks */ = {
			isa = PBXFrameworksBuildPhase;
			buildActionMask = 2147483647;
			files = (
			);
			runOnlyForDeploymentPostprocessing = 0;
		};
/* End PBXFrameworksBuildPhase section */

/* Begin PBXGroup section */
		060FAE692277534F002E472A /* currentlyUnused */ = {
			isa = PBXGroup;
			children = (
				062A3F5E226BE8F100D6DBED /* TestSquare.swift */,
				062A3F67226BE8F100D6DBED /* StringMethods.swift */,
			);
			path = currentlyUnused;
			sourceTree = "<group>";
		};
		062A3F2F226BE87C00D6DBED = {
			isa = PBXGroup;
			children = (
				062A3F61226BE8F100D6DBED /* Vars.swift */,
				061B37FB226D48CA006555B5 /* TimetableVars.swift */,
				062A3F6B226BE8F100D6DBED /* AppDelegate.swift */,
				062A3F6A226BE8F100D6DBED /* Lifecycle.swift */,
				06B914DE2273B7970018458C /* Dates */,
				062A3F4D226BE8F100D6DBED /* C */,
				06674B612288FED30020AE37 /* Notifications.swift */,
				062A3F53226BE8F100D6DBED /* SetTopVC.swift */,
				062A3F62226BE8F100D6DBED /* V */,
				062A3F6C226BE8F200D6DBED /* Vm */,
				062A3F64226BE8F100D6DBED /* M */,
				062A3F5C226BE8F100D6DBED /* Checks */,
				060FAE692277534F002E472A /* currentlyUnused */,
				062A3F3A226BE87C00D6DBED /* smart-timetable */,
				062A3F39226BE87C00D6DBED /* Products */,
			);
			sourceTree = "<group>";
		};
		062A3F39226BE87C00D6DBED /* Products */ = {
			isa = PBXGroup;
			children = (
				062A3F38226BE87C00D6DBED /* smart-timetable.app */,
			);
			name = Products;
			sourceTree = "<group>";
		};
		062A3F3A226BE87C00D6DBED /* smart-timetable */ = {
			isa = PBXGroup;
			children = (
				062A3F42226BE87D00D6DBED /* Assets.xcassets */,
				062A3F44226BE87D00D6DBED /* LaunchScreen.storyboard */,
				062A3F47226BE87D00D6DBED /* Info.plist */,
				062A3F68226BE8F100D6DBED /* Description.swift */,
			);
			path = "smart-timetable";
			sourceTree = "<group>";
		};
		062A3F4D226BE8F100D6DBED /* C */ = {
			isa = PBXGroup;
			children = (
				062A3F59226BE8F100D6DBED /* CollectionVC.swift */,
				062A3F55226BE8F100D6DBED /* Load&Appear.swift */,
				0614F6C82288FA3400211DF2 /* CellForItem.swift */,
				062A3F54226BE8F100D6DBED /* vc */,
				062A3F4E226BE8F100D6DBED /* nav */,
			);
			path = C;
			sourceTree = "<group>";
		};
		062A3F4E226BE8F100D6DBED /* nav */ = {
			isa = PBXGroup;
			children = (
				062A3F4F226BE8F100D6DBED /* NavBar.swift */,
				062A3F50226BE8F100D6DBED /* GoToVC.swift */,
				062A3F51226BE8F100D6DBED /* Reloading.swift */,
			);
			path = nav;
			sourceTree = "<group>";
		};
		062A3F54226BE8F100D6DBED /* vc */ = {
			isa = PBXGroup;
			children = (
				062A3F58226BE8F100D6DBED /* CellContents.swift */,
				060FAE6722775275002E472A /* CellDates.swift */,
				062A3F5A226BE8F100D6DBED /* Selecting.swift */,
				0601A5202280ED85005D0D99 /* TextField.swift */,
			);
			path = vc;
			sourceTree = "<group>";
		};
		062A3F5C226BE8F100D6DBED /* Checks */ = {
			isa = PBXGroup;
			children = (
				062A3F5D226BE8F100D6DBED /* CollectionViewType.swift */,
				062A3F5F226BE8F100D6DBED /* Orientation.swift */,
				062A3F60226BE8F100D6DBED /* DeviceType.swift */,
			);
			path = Checks;
			sourceTree = "<group>";
		};
		062A3F62226BE8F100D6DBED /* V */ = {
			isa = PBXGroup;
			children = (
				062A3F63226BE8F100D6DBED /* Colours.swift */,
			);
			path = V;
			sourceTree = "<group>";
		};
		062A3F64226BE8F100D6DBED /* M */ = {
			isa = PBXGroup;
			children = (
				062A3F65226BE8F100D6DBED /* Cell.swift */,
				063342322277C12200F7C754 /* SimpleEvent.swift */,
				062569CD227A8D33003E5C49 /* TimeBlock.swift */,
				06F3A2162273F54B00548AE1 /* DefaultSave.swift */,
				0614F6C622875C2700211DF2 /* DefaultLoad.swift */,
			);
			path = M;
			sourceTree = "<group>";
		};
		062A3F6C226BE8F200D6DBED /* Vm */ = {
			isa = PBXGroup;
			children = (
				062A3F6F226BE8F200D6DBED /* Layout.swift */,
				062A3F6D226BE8F200D6DBED /* Attributes.swift */,
				062A3F71226BE8F200D6DBED /* Prepare.swift */,
				062A3F6E226BE8F200D6DBED /* ZIndex.swift */,
				062A3F70226BE8F200D6DBED /* CellSizeModes.swift */,
			);
			path = Vm;
			sourceTree = "<group>";
		};
		06B914DE2273B7970018458C /* Dates */ = {
			isa = PBXGroup;
			children = (
				062A3F66226BE8F100D6DBED /* Dates.swift */,
				062133882276AE2000D46E5D /* DateCheck.swift */,
			);
			path = Dates;
			sourceTree = "<group>";
		};
/* End PBXGroup section */

/* Begin PBXNativeTarget section */
		062A3F37226BE87C00D6DBED /* smart-timetable */ = {
			isa = PBXNativeTarget;
			buildConfigurationList = 062A3F4A226BE87D00D6DBED /* Build configuration list for PBXNativeTarget "smart-timetable" */;
			buildPhases = (
				062A3F34226BE87C00D6DBED /* Sources */,
				062A3F35226BE87C00D6DBED /* Frameworks */,
				062A3F36226BE87C00D6DBED /* Resources */,
			);
			buildRules = (
			);
			dependencies = (
			);
			name = "smart-timetable";
			productName = "smart-timetable";
			productReference = 062A3F38226BE87C00D6DBED /* smart-timetable.app */;
			productType = "com.apple.product-type.application";
		};
/* End PBXNativeTarget section */

/* Begin PBXProject section */
		062A3F30226BE87C00D6DBED /* Project object */ = {
			isa = PBXProject;
			attributes = {
				LastSwiftUpdateCheck = 1020;
				LastUpgradeCheck = 1020;
				ORGANIZATIONNAME = "Garth Snyder";
				TargetAttributes = {
					062A3F37226BE87C00D6DBED = {
						CreatedOnToolsVersion = 10.2;
						LastSwiftMigration = 1020;
					};
				};
			};
			buildConfigurationList = 062A3F33226BE87C00D6DBED /* Build configuration list for PBXProject "smart-timetable" */;
			compatibilityVersion = "Xcode 9.3";
			developmentRegion = en;
			hasScannedForEncodings = 0;
			knownRegions = (
				en,
				Base,
			);
			mainGroup = 062A3F2F226BE87C00D6DBED;
			productRefGroup = 062A3F39226BE87C00D6DBED /* Products */;
			projectDirPath = "";
			projectRoot = "";
			targets = (
				062A3F37226BE87C00D6DBED /* smart-timetable */,
			);
		};
/* End PBXProject section */

/* Begin PBXResourcesBuildPhase section */
		062A3F36226BE87C00D6DBED /* Resources */ = {
			isa = PBXResourcesBuildPhase;
			buildActionMask = 2147483647;
			files = (
				062A3F46226BE87D00D6DBED /* LaunchScreen.storyboard in Resources */,
				062A3F43226BE87D00D6DBED /* Assets.xcassets in Resources */,
			);
			runOnlyForDeploymentPostprocessing = 0;
		};
/* End PBXResourcesBuildPhase section */

/* Begin PBXSourcesBuildPhase section */
		062A3F34226BE87C00D6DBED /* Sources */ = {
			isa = PBXSourcesBuildPhase;
			buildActionMask = 2147483647;
			files = (
				062A3F89226BE8F200D6DBED /* AppDelegate.swift in Sources */,
				062A3F72226BE8F200D6DBED /* NavBar.swift in Sources */,
				062A3F80226BE8F200D6DBED /* Orientation.swift in Sources */,
				062A3F8A226BE8F200D6DBED /* Attributes.swift in Sources */,
				061B37FC226D48CA006555B5 /* TimetableVars.swift in Sources */,
				0614F6C92288FA3400211DF2 /* CellForItem.swift in Sources */,
				062A3F88226BE8F200D6DBED /* Lifecycle.swift in Sources */,
				06F3A2172273F54B00548AE1 /* DefaultSave.swift in Sources */,
				062A3F7C226BE8F200D6DBED /* Selecting.swift in Sources */,
				062A3F87226BE8F200D6DBED /* Description.swift in Sources */,
				062A3F83226BE8F200D6DBED /* Colours.swift in Sources */,
				062A3F86226BE8F200D6DBED /* StringMethods.swift in Sources */,
				063342332277C12200F7C754 /* SimpleEvent.swift in Sources */,
				062A3F84226BE8F200D6DBED /* Cell.swift in Sources */,
				062A3F8C226BE8F200D6DBED /* Layout.swift in Sources */,
				06674B622288FED30020AE37 /* Notifications.swift in Sources */,
				062569CE227A8D33003E5C49 /* TimeBlock.swift in Sources */,
				0601A5212280ED85005D0D99 /* TextField.swift in Sources */,
				062A3F82226BE8F200D6DBED /* Vars.swift in Sources */,
				062A3F7B226BE8F200D6DBED /* CollectionVC.swift in Sources */,
				062A3F8E226BE8F200D6DBED /* Prepare.swift in Sources */,
				062A3F85226BE8F200D6DBED /* Dates.swift in Sources */,
				062A3F74226BE8F200D6DBED /* Reloading.swift in Sources */,
				062A3F7A226BE8F200D6DBED /* CellContents.swift in Sources */,
				0614F6C722875C2700211DF2 /* DefaultLoad.swift in Sources */,
				062A3F7E226BE8F200D6DBED /* CollectionViewType.swift in Sources */,
				062A3F77226BE8F200D6DBED /* Load&Appear.swift in Sources */,
				062A3F73226BE8F200D6DBED /* GoToVC.swift in Sources */,
				062A3F81226BE8F200D6DBED /* DeviceType.swift in Sources */,
				062A3F8B226BE8F200D6DBED /* ZIndex.swift in Sources */,
				062133892276AE2000D46E5D /* DateCheck.swift in Sources */,
				060FAE6822775275002E472A /* CellDates.swift in Sources */,
				062A3F8D226BE8F200D6DBED /* CellSizeModes.swift in Sources */,
				062A3F7F226BE8F200D6DBED /* TestSquare.swift in Sources */,
				062A3F76226BE8F200D6DBED /* SetTopVC.swift in Sources */,
			);
			runOnlyForDeploymentPostprocessing = 0;
		};
/* End PBXSourcesBuildPhase section */

/* Begin PBXVariantGroup section */
		062A3F44226BE87D00D6DBED /* LaunchScreen.storyboard */ = {
			isa = PBXVariantGroup;
			children = (
				062A3F45226BE87D00D6DBED /* Base */,
			);
			name = LaunchScreen.storyboard;
			sourceTree = "<group>";
		};
/* End PBXVariantGroup section */

/* Begin XCBuildConfiguration section */
		062A3F48226BE87D00D6DBED /* Debug */ = {
			isa = XCBuildConfiguration;
			buildSettings = {
				ALWAYS_SEARCH_USER_PATHS = NO;
				CLANG_ANALYZER_NONNULL = YES;
				CLANG_ANALYZER_NUMBER_OBJECT_CONVERSION = YES_AGGRESSIVE;
				CLANG_CXX_LANGUAGE_STANDARD = "gnu++14";
				CLANG_CXX_LIBRARY = "libc++";
				CLANG_ENABLE_MODULES = YES;
				CLANG_ENABLE_OBJC_ARC = YES;
				CLANG_ENABLE_OBJC_WEAK = YES;
				CLANG_WARN_BLOCK_CAPTURE_AUTORELEASING = YES;
				CLANG_WARN_BOOL_CONVERSION = YES;
				CLANG_WARN_COMMA = YES;
				CLANG_WARN_CONSTANT_CONVERSION = YES;
				CLANG_WARN_DEPRECATED_OBJC_IMPLEMENTATIONS = YES;
				CLANG_WARN_DIRECT_OBJC_ISA_USAGE = YES_ERROR;
				CLANG_WARN_DOCUMENTATION_COMMENTS = YES;
				CLANG_WARN_EMPTY_BODY = YES;
				CLANG_WARN_ENUM_CONVERSION = YES;
				CLANG_WARN_INFINITE_RECURSION = YES;
				CLANG_WARN_INT_CONVERSION = YES;
				CLANG_WARN_NON_LITERAL_NULL_CONVERSION = YES;
				CLANG_WARN_OBJC_IMPLICIT_RETAIN_SELF = YES;
				CLANG_WARN_OBJC_LITERAL_CONVERSION = YES;
				CLANG_WARN_OBJC_ROOT_CLASS = YES_ERROR;
				CLANG_WARN_RANGE_LOOP_ANALYSIS = YES;
				CLANG_WARN_STRICT_PROTOTYPES = YES;
				CLANG_WARN_SUSPICIOUS_MOVE = YES;
				CLANG_WARN_UNGUARDED_AVAILABILITY = YES_AGGRESSIVE;
				CLANG_WARN_UNREACHABLE_CODE = YES;
				CLANG_WARN__DUPLICATE_METHOD_MATCH = YES;
				CODE_SIGN_IDENTITY = "iPhone Developer";
				COPY_PHASE_STRIP = NO;
				DEBUG_INFORMATION_FORMAT = dwarf;
				ENABLE_STRICT_OBJC_MSGSEND = YES;
				ENABLE_TESTABILITY = YES;
				GCC_C_LANGUAGE_STANDARD = gnu11;
				GCC_DYNAMIC_NO_PIC = NO;
				GCC_NO_COMMON_BLOCKS = YES;
				GCC_OPTIMIZATION_LEVEL = 0;
				GCC_PREPROCESSOR_DEFINITIONS = (
					"DEBUG=1",
					"$(inherited)",
				);
				GCC_WARN_64_TO_32_BIT_CONVERSION = YES;
				GCC_WARN_ABOUT_RETURN_TYPE = YES_ERROR;
				GCC_WARN_UNDECLARED_SELECTOR = YES;
				GCC_WARN_UNINITIALIZED_AUTOS = YES_AGGRESSIVE;
				GCC_WARN_UNUSED_FUNCTION = YES;
				GCC_WARN_UNUSED_VARIABLE = YES;
				IPHONEOS_DEPLOYMENT_TARGET = 12.2;
				MTL_ENABLE_DEBUG_INFO = INCLUDE_SOURCE;
				MTL_FAST_MATH = YES;
				ONLY_ACTIVE_ARCH = YES;
				SDKROOT = iphoneos;
				SWIFT_ACTIVE_COMPILATION_CONDITIONS = DEBUG;
				SWIFT_OPTIMIZATION_LEVEL = "-Onone";
			};
			name = Debug;
		};
		062A3F49226BE87D00D6DBED /* Release */ = {
			isa = XCBuildConfiguration;
			buildSettings = {
				ALWAYS_SEARCH_USER_PATHS = NO;
				CLANG_ANALYZER_NONNULL = YES;
				CLANG_ANALYZER_NUMBER_OBJECT_CONVERSION = YES_AGGRESSIVE;
				CLANG_CXX_LANGUAGE_STANDARD = "gnu++14";
				CLANG_CXX_LIBRARY = "libc++";
				CLANG_ENABLE_MODULES = YES;
				CLANG_ENABLE_OBJC_ARC = YES;
				CLANG_ENABLE_OBJC_WEAK = YES;
				CLANG_WARN_BLOCK_CAPTURE_AUTORELEASING = YES;
				CLANG_WARN_BOOL_CONVERSION = YES;
				CLANG_WARN_COMMA = YES;
				CLANG_WARN_CONSTANT_CONVERSION = YES;
				CLANG_WARN_DEPRECATED_OBJC_IMPLEMENTATIONS = YES;
				CLANG_WARN_DIRECT_OBJC_ISA_USAGE = YES_ERROR;
				CLANG_WARN_DOCUMENTATION_COMMENTS = YES;
				CLANG_WARN_EMPTY_BODY = YES;
				CLANG_WARN_ENUM_CONVERSION = YES;
				CLANG_WARN_INFINITE_RECURSION = YES;
				CLANG_WARN_INT_CONVERSION = YES;
				CLANG_WARN_NON_LITERAL_NULL_CONVERSION = YES;
				CLANG_WARN_OBJC_IMPLICIT_RETAIN_SELF = YES;
				CLANG_WARN_OBJC_LITERAL_CONVERSION = YES;
				CLANG_WARN_OBJC_ROOT_CLASS = YES_ERROR;
				CLANG_WARN_RANGE_LOOP_ANALYSIS = YES;
				CLANG_WARN_STRICT_PROTOTYPES = YES;
				CLANG_WARN_SUSPICIOUS_MOVE = YES;
				CLANG_WARN_UNGUARDED_AVAILABILITY = YES_AGGRESSIVE;
				CLANG_WARN_UNREACHABLE_CODE = YES;
				CLANG_WARN__DUPLICATE_METHOD_MATCH = YES;
				CODE_SIGN_IDENTITY = "iPhone Developer";
				COPY_PHASE_STRIP = NO;
				DEBUG_INFORMATION_FORMAT = "dwarf-with-dsym";
				ENABLE_NS_ASSERTIONS = NO;
				ENABLE_STRICT_OBJC_MSGSEND = YES;
				GCC_C_LANGUAGE_STANDARD = gnu11;
				GCC_NO_COMMON_BLOCKS = YES;
				GCC_WARN_64_TO_32_BIT_CONVERSION = YES;
				GCC_WARN_ABOUT_RETURN_TYPE = YES_ERROR;
				GCC_WARN_UNDECLARED_SELECTOR = YES;
				GCC_WARN_UNINITIALIZED_AUTOS = YES_AGGRESSIVE;
				GCC_WARN_UNUSED_FUNCTION = YES;
				GCC_WARN_UNUSED_VARIABLE = YES;
				IPHONEOS_DEPLOYMENT_TARGET = 12.2;
				MTL_ENABLE_DEBUG_INFO = NO;
				MTL_FAST_MATH = YES;
				SDKROOT = iphoneos;
				SWIFT_COMPILATION_MODE = wholemodule;
				SWIFT_OPTIMIZATION_LEVEL = "-O";
				VALIDATE_PRODUCT = YES;
			};
			name = Release;
		};
		062A3F4B226BE87D00D6DBED /* Debug */ = {
			isa = XCBuildConfiguration;
			buildSettings = {
				ASSETCATALOG_COMPILER_APPICON_NAME = AppIcon;
				CLANG_ENABLE_MODULES = YES;
				CODE_SIGN_STYLE = Automatic;
				DEVELOPMENT_TEAM = KX84NTAHJ6;
				INFOPLIST_FILE = "smart-timetable/Info.plist";
				LD_RUNPATH_SEARCH_PATHS = (
					"$(inherited)",
					"@executable_path/Frameworks",
				);
				PRODUCT_BUNDLE_IDENTIFIER = "com.example.smart-timetable";
				PRODUCT_NAME = "$(TARGET_NAME)";
				SWIFT_OPTIMIZATION_LEVEL = "-Onone";
				SWIFT_VERSION = 5.0;
				TARGETED_DEVICE_FAMILY = "1,2";
			};
			name = Debug;
		};
		062A3F4C226BE87D00D6DBED /* Release */ = {
			isa = XCBuildConfiguration;
			buildSettings = {
				ASSETCATALOG_COMPILER_APPICON_NAME = AppIcon;
				CLANG_ENABLE_MODULES = YES;
				CODE_SIGN_STYLE = Automatic;
				DEVELOPMENT_TEAM = KX84NTAHJ6;
				INFOPLIST_FILE = "smart-timetable/Info.plist";
				LD_RUNPATH_SEARCH_PATHS = (
					"$(inherited)",
					"@executable_path/Frameworks",
				);
				PRODUCT_BUNDLE_IDENTIFIER = "com.example.smart-timetable";
				PRODUCT_NAME = "$(TARGET_NAME)";
				SWIFT_VERSION = 5.0;
				TARGETED_DEVICE_FAMILY = "1,2";
			};
			name = Release;
		};
/* End XCBuildConfiguration section */

/* Begin XCConfigurationList section */
		062A3F33226BE87C00D6DBED /* Build configuration list for PBXProject "smart-timetable" */ = {
			isa = XCConfigurationList;
			buildConfigurations = (
				062A3F48226BE87D00D6DBED /* Debug */,
				062A3F49226BE87D00D6DBED /* Release */,
			);
			defaultConfigurationIsVisible = 0;
			defaultConfigurationName = Release;
		};
		062A3F4A226BE87D00D6DBED /* Build configuration list for PBXNativeTarget "smart-timetable" */ = {
			isa = XCConfigurationList;
			buildConfigurations = (
				062A3F4B226BE87D00D6DBED /* Debug */,
				062A3F4C226BE87D00D6DBED /* Release */,
			);
			defaultConfigurationIsVisible = 0;
			defaultConfigurationName = Release;
		};
/* End XCConfigurationList section */
	};
	rootObject = 062A3F30226BE87C00D6DBED /* Project object */;
}
